// !$*UTF8*$!
{
	archiveVersion = 1;
	classes = {
	};
	objectVersion = 50;
	objects = {

/* Begin PBXBuildFile section */
		798BBE2521B4040200D959F5 /* DataManager.swift in Sources */ = {isa = PBXBuildFile; fileRef = 798BBE2421B4040200D959F5 /* DataManager.swift */; };
		798BBE2721B40C1200D959F5 /* Delegates.swift in Sources */ = {isa = PBXBuildFile; fileRef = 798BBE2621B40C1200D959F5 /* Delegates.swift */; };
		798BBE2A21B413B000D959F5 /* NoteTableViewCell.swift in Sources */ = {isa = PBXBuildFile; fileRef = 798BBE2921B413B000D959F5 /* NoteTableViewCell.swift */; };
		79AB37B921AAE92A00B2C923 /* NotesViewController.swift in Sources */ = {isa = PBXBuildFile; fileRef = 79AB37B821AAE92A00B2C923 /* NotesViewController.swift */; };
		79EB174021B7AD930031AE53 /* MiniClesses.swift in Sources */ = {isa = PBXBuildFile; fileRef = 79EB173F21B7AD930031AE53 /* MiniClesses.swift */; };
		79FD1FF121A8578D00728586 /* AppDelegate.swift in Sources */ = {isa = PBXBuildFile; fileRef = 79FD1FF021A8578D00728586 /* AppDelegate.swift */; };
		79FD1FF321A8578D00728586 /* ViewController.swift in Sources */ = {isa = PBXBuildFile; fileRef = 79FD1FF221A8578D00728586 /* ViewController.swift */; };
		79FD1FF621A8578D00728586 /* Main.storyboard in Resources */ = {isa = PBXBuildFile; fileRef = 79FD1FF421A8578D00728586 /* Main.storyboard */; };
		79FD1FF821A8578E00728586 /* Assets.xcassets in Resources */ = {isa = PBXBuildFile; fileRef = 79FD1FF721A8578E00728586 /* Assets.xcassets */; };
		79FD1FFB21A8578E00728586 /* LaunchScreen.storyboard in Resources */ = {isa = PBXBuildFile; fileRef = 79FD1FF921A8578E00728586 /* LaunchScreen.storyboard */; };
/* End PBXBuildFile section */

/* Begin PBXFileReference section */
		798BBE2421B4040200D959F5 /* DataManager.swift */ = {isa = PBXFileReference; lastKnownFileType = sourcecode.swift; path = DataManager.swift; sourceTree = "<group>"; };
		798BBE2621B40C1200D959F5 /* Delegates.swift */ = {isa = PBXFileReference; lastKnownFileType = sourcecode.swift; path = Delegates.swift; sourceTree = "<group>"; };
		798BBE2921B413B000D959F5 /* NoteTableViewCell.swift */ = {isa = PBXFileReference; lastKnownFileType = sourcecode.swift; path = NoteTableViewCell.swift; sourceTree = "<group>"; };
		79AB37B821AAE92A00B2C923 /* NotesViewController.swift */ = {isa = PBXFileReference; lastKnownFileType = sourcecode.swift; path = NotesViewController.swift; sourceTree = "<group>"; };
		79EB173F21B7AD930031AE53 /* MiniClesses.swift */ = {isa = PBXFileReference; lastKnownFileType = sourcecode.swift; path = MiniClesses.swift; sourceTree = "<group>"; };
		79FD1FED21A8578D00728586 /* MemoOrganizer.app */ = {isa = PBXFileReference; explicitFileType = wrapper.application; includeInIndex = 0; path = MemoOrganizer.app; sourceTree = BUILT_PRODUCTS_DIR; };
		79FD1FF021A8578D00728586 /* AppDelegate.swift */ = {isa = PBXFileReference; lastKnownFileType = sourcecode.swift; path = AppDelegate.swift; sourceTree = "<group>"; };
		79FD1FF221A8578D00728586 /* ViewController.swift */ = {isa = PBXFileReference; lastKnownFileType = sourcecode.swift; path = ViewController.swift; sourceTree = "<group>"; };
		79FD1FF521A8578D00728586 /* Base */ = {isa = PBXFileReference; lastKnownFileType = file.storyboard; name = Base; path = Base.lproj/Main.storyboard; sourceTree = "<group>"; };
		79FD1FF721A8578E00728586 /* Assets.xcassets */ = {isa = PBXFileReference; lastKnownFileType = folder.assetcatalog; path = Assets.xcassets; sourceTree = "<group>"; };
		79FD1FFA21A8578E00728586 /* Base */ = {isa = PBXFileReference; lastKnownFileType = file.storyboard; name = Base; path = Base.lproj/LaunchScreen.storyboard; sourceTree = "<group>"; };
		79FD1FFC21A8578E00728586 /* Info.plist */ = {isa = PBXFileReference; lastKnownFileType = text.plist.xml; path = Info.plist; sourceTree = "<group>"; };
/* End PBXFileReference section */

/* Begin PBXFrameworksBuildPhase section */
		79FD1FEA21A8578D00728586 /* Frameworks */ = {
			isa = PBXFrameworksBuildPhase;
			buildActionMask = 2147483647;
			files = (
			);
			runOnlyForDeploymentPostprocessing = 0;
		};
/* End PBXFrameworksBuildPhase section */

/* Begin PBXGroup section */
		798BBE2321B403DB00D959F5 /* Helpers */ = {
			isa = PBXGroup;
			children = (
				798BBE2421B4040200D959F5 /* DataManager.swift */,
				798BBE2621B40C1200D959F5 /* Delegates.swift */,
				79EB173F21B7AD930031AE53 /* MiniClesses.swift */,
			);
			path = Helpers;
			sourceTree = "<group>";
		};
		798BBE2821B412F800D959F5 /* Note */ = {
			isa = PBXGroup;
			children = (
				79AB37B821AAE92A00B2C923 /* NotesViewController.swift */,
				798BBE2921B413B000D959F5 /* NoteTableViewCell.swift */,
			);
			path = Note;
			sourceTree = "<group>";
		};
		79AB37BA21AAE93200B2C923 /* VC */ = {
			isa = PBXGroup;
			children = (
				798BBE2821B412F800D959F5 /* Note */,
			);
			path = VC;
			sourceTree = "<group>";
		};
		79FD1FE421A8578D00728586 = {
			isa = PBXGroup;
			children = (
				79FD1FEF21A8578D00728586 /* MemoOrganizer */,
				79FD1FEE21A8578D00728586 /* Products */,
			);
			sourceTree = "<group>";
		};
		79FD1FEE21A8578D00728586 /* Products */ = {
			isa = PBXGroup;
			children = (
				79FD1FED21A8578D00728586 /* MemoOrganizer.app */,
			);
			name = Products;
			sourceTree = "<group>";
		};
		79FD1FEF21A8578D00728586 /* MemoOrganizer */ = {
			isa = PBXGroup;
			children = (
				798BBE2321B403DB00D959F5 /* Helpers */,
				79AB37BA21AAE93200B2C923 /* VC */,
				79FD1FF021A8578D00728586 /* AppDelegate.swift */,
				79FD1FF221A8578D00728586 /* ViewController.swift */,
				79FD1FF421A8578D00728586 /* Main.storyboard */,
				79FD1FF721A8578E00728586 /* Assets.xcassets */,
				79FD1FF921A8578E00728586 /* LaunchScreen.storyboard */,
				79FD1FFC21A8578E00728586 /* Info.plist */,
			);
			path = MemoOrganizer;
			sourceTree = "<group>";
		};
/* End PBXGroup section */

/* Begin PBXNativeTarget section */
		79FD1FEC21A8578D00728586 /* MemoOrganizer */ = {
			isa = PBXNativeTarget;
			buildConfigurationList = 79FD1FFF21A8578E00728586 /* Build configuration list for PBXNativeTarget "MemoOrganizer" */;
			buildPhases = (
				79FD1FE921A8578D00728586 /* Sources */,
				79FD1FEA21A8578D00728586 /* Frameworks */,
				79FD1FEB21A8578D00728586 /* Resources */,
			);
			buildRules = (
			);
			dependencies = (
			);
			name = MemoOrganizer;
			productName = MemoOrganizer;
			productReference = 79FD1FED21A8578D00728586 /* MemoOrganizer.app */;
			productType = "com.apple.product-type.application";
		};
/* End PBXNativeTarget section */

/* Begin PBXProject section */
		79FD1FE521A8578D00728586 /* Project object */ = {
			isa = PBXProject;
			attributes = {
				LastSwiftUpdateCheck = 0940;
				LastUpgradeCheck = 0940;
				ORGANIZATIONNAME = Marat;
				TargetAttributes = {
					79FD1FEC21A8578D00728586 = {
						CreatedOnToolsVersion = 9.4.1;
					};
				};
			};
			buildConfigurationList = 79FD1FE821A8578D00728586 /* Build configuration list for PBXProject "MemoOrganizer" */;
			compatibilityVersion = "Xcode 9.3";
			developmentRegion = en;
			hasScannedForEncodings = 0;
			knownRegions = (
				en,
				Base,
			);
			mainGroup = 79FD1FE421A8578D00728586;
			productRefGroup = 79FD1FEE21A8578D00728586 /* Products */;
			projectDirPath = "";
			projectRoot = "";
			targets = (
				79FD1FEC21A8578D00728586 /* MemoOrganizer */,
			);
		};
/* End PBXProject section */

/* Begin PBXResourcesBuildPhase section */
		79FD1FEB21A8578D00728586 /* Resources */ = {
			isa = PBXResourcesBuildPhase;
			buildActionMask = 2147483647;
			files = (
				79FD1FFB21A8578E00728586 /* LaunchScreen.storyboard in Resources */,
				79FD1FF821A8578E00728586 /* Assets.xcassets in Resources */,
				79FD1FF621A8578D00728586 /* Main.storyboard in Resources */,
			);
			runOnlyForDeploymentPostprocessing = 0;
		};
/* End PBXResourcesBuildPhase section */

/* Begin PBXSourcesBuildPhase section */
		79FD1FE921A8578D00728586 /* Sources */ = {
			isa = PBXSourcesBuildPhase;
			buildActionMask = 2147483647;
			files = (
				79AB37B921AAE92A00B2C923 /* NotesViewController.swift in Sources */,
				798BBE2521B4040200D959F5 /* DataManager.swift in Sources */,
				79FD1FF321A8578D00728586 /* ViewController.swift in Sources */,
				79FD1FF121A8578D00728586 /* AppDelegate.swift in Sources */,
				798BBE2721B40C1200D959F5 /* Delegates.swift in Sources */,
				798BBE2A21B413B000D959F5 /* NoteTableViewCell.swift in Sources */,
				79EB174021B7AD930031AE53 /* MiniClesses.swift in Sources */,
			);
			runOnlyForDeploymentPostprocessing = 0;
		};
/* End PBXSourcesBuildPhase section */

/* Begin PBXVariantGroup section */
		79FD1FF421A8578D00728586 /* Main.storyboard */ = {
			isa = PBXVariantGroup;
			children = (
				79FD1FF521A8578D00728586 /* Base */,
			);
			name = Main.storyboard;
			sourceTree = "<group>";
		};
		79FD1FF921A8578E00728586 /* LaunchScreen.storyboard */ = {
			isa = PBXVariantGroup;
			children = (
				79FD1FFA21A8578E00728586 /* Base */,
			);
			name = LaunchScreen.storyboard;
			sourceTree = "<group>";
		};
/* End PBXVariantGroup section */

/* Begin XCBuildConfiguration section */
		79FD1FFD21A8578E00728586 /* Debug */ = {
			isa = XCBuildConfiguration;
			buildSettings = {
				ALWAYS_SEARCH_USER_PATHS = NO;
				CLANG_ANALYZER_NONNULL = YES;
				CLANG_ANALYZER_NUMBER_OBJECT_CONVERSION = YES_AGGRESSIVE;
				CLANG_CXX_LANGUAGE_STANDARD = "gnu++14";
				CLANG_CXX_LIBRARY = "libc++";
				CLANG_ENABLE_MODULES = YES;
				CLANG_ENABLE_OBJC_ARC = YES;
				CLANG_ENABLE_OBJC_WEAK = YES;
				CLANG_WARN_BLOCK_CAPTURE_AUTORELEASING = YES;
				CLANG_WARN_BOOL_CONVERSION = YES;
				CLANG_WARN_COMMA = YES;
				CLANG_WARN_CONSTANT_CONVERSION = YES;
				CLANG_WARN_DEPRECATED_OBJC_IMPLEMENTATIONS = YES;
				CLANG_WARN_DIRECT_OBJC_ISA_USAGE = YES_ERROR;
				CLANG_WARN_DOCUMENTATION_COMMENTS = YES;
				CLANG_WARN_EMPTY_BODY = YES;
				CLANG_WARN_ENUM_CONVERSION = YES;
				CLANG_WARN_INFINITE_RECURSION = YES;
				CLANG_WARN_INT_CONVERSION = YES;
				CLANG_WARN_NON_LITERAL_NULL_CONVERSION = YES;
				CLANG_WARN_OBJC_IMPLICIT_RETAIN_SELF = YES;
				CLANG_WARN_OBJC_LITERAL_CONVERSION = YES;
				CLANG_WARN_OBJC_ROOT_CLASS = YES_ERROR;
				CLANG_WARN_RANGE_LOOP_ANALYSIS = YES;
				CLANG_WARN_STRICT_PROTOTYPES = YES;
				CLANG_WARN_SUSPICIOUS_MOVE = YES;
				CLANG_WARN_UNGUARDED_AVAILABILITY = YES_AGGRESSIVE;
				CLANG_WARN_UNREACHABLE_CODE = YES;
				CLANG_WARN__DUPLICATE_METHOD_MATCH = YES;
				CODE_SIGN_IDENTITY = "iPhone Developer";
				COPY_PHASE_STRIP = NO;
				DEBUG_INFORMATION_FORMAT = dwarf;
				ENABLE_STRICT_OBJC_MSGSEND = YES;
				ENABLE_TESTABILITY = YES;
				GCC_C_LANGUAGE_STANDARD = gnu11;
				GCC_DYNAMIC_NO_PIC = NO;
				GCC_NO_COMMON_BLOCKS = YES;
				GCC_OPTIMIZATION_LEVEL = 0;
				GCC_PREPROCESSOR_DEFINITIONS = (
					"DEBUG=1",
					"$(inherited)",
				);
				GCC_WARN_64_TO_32_BIT_CONVERSION = YES;
				GCC_WARN_ABOUT_RETURN_TYPE = YES_ERROR;
				GCC_WARN_UNDECLARED_SELECTOR = YES;
				GCC_WARN_UNINITIALIZED_AUTOS = YES_AGGRESSIVE;
				GCC_WARN_UNUSED_FUNCTION = YES;
				GCC_WARN_UNUSED_VARIABLE = YES;
				IPHONEOS_DEPLOYMENT_TARGET = 11.4;
				MTL_ENABLE_DEBUG_INFO = YES;
				ONLY_ACTIVE_ARCH = YES;
				SDKROOT = iphoneos;
				SWIFT_ACTIVE_COMPILATION_CONDITIONS = DEBUG;
				SWIFT_OPTIMIZATION_LEVEL = "-Onone";
			};
			name = Debug;
		};
		79FD1FFE21A8578E00728586 /* Release */ = {
			isa = XCBuildConfiguration;
			buildSettings = {
				ALWAYS_SEARCH_USER_PATHS = NO;
				CLANG_ANALYZER_NONNULL = YES;
				CLANG_ANALYZER_NUMBER_OBJECT_CONVERSION = YES_AGGRESSIVE;
				CLANG_CXX_LANGUAGE_STANDARD = "gnu++14";
				CLANG_CXX_LIBRARY = "libc++";
				CLANG_ENABLE_MODULES = YES;
				CLANG_ENABLE_OBJC_ARC = YES;
				CLANG_ENABLE_OBJC_WEAK = YES;
				CLANG_WARN_BLOCK_CAPTURE_AUTORELEASING = YES;
				CLANG_WARN_BOOL_CONVERSION = YES;
				CLANG_WARN_COMMA = YES;
				CLANG_WARN_CONSTANT_CONVERSION = YES;
				CLANG_WARN_DEPRECATED_OBJC_IMPLEMENTATIONS = YES;
				CLANG_WARN_DIRECT_OBJC_ISA_USAGE = YES_ERROR;
				CLANG_WARN_DOCUMENTATION_COMMENTS = YES;
				CLANG_WARN_EMPTY_BODY = YES;
				CLANG_WARN_ENUM_CONVERSION = YES;
				CLANG_WARN_INFINITE_RECURSION = YES;
				CLANG_WARN_INT_CONVERSION = YES;
				CLANG_WARN_NON_LITERAL_NULL_CONVERSION = YES;
				CLANG_WARN_OBJC_IMPLICIT_RETAIN_SELF = YES;
				CLANG_WARN_OBJC_LITERAL_CONVERSION = YES;
				CLANG_WARN_OBJC_ROOT_CLASS = YES_ERROR;
				CLANG_WARN_RANGE_LOOP_ANALYSIS = YES;
				CLANG_WARN_STRICT_PROTOTYPES = YES;
				CLANG_WARN_SUSPICIOUS_MOVE = YES;
				CLANG_WARN_UNGUARDED_AVAILABILITY = YES_AGGRESSIVE;
				CLANG_WARN_UNREACHABLE_CODE = YES;
				CLANG_WARN__DUPLICATE_METHOD_MATCH = YES;
				CODE_SIGN_IDENTITY = "iPhone Developer";
				COPY_PHASE_STRIP = NO;
				DEBUG_INFORMATION_FORMAT = "dwarf-with-dsym";
				ENABLE_NS_ASSERTIONS = NO;
				ENABLE_STRICT_OBJC_MSGSEND = YES;
				GCC_C_LANGUAGE_STANDARD = gnu11;
				GCC_NO_COMMON_BLOCKS = YES;
				GCC_WARN_64_TO_32_BIT_CONVERSION = YES;
				GCC_WARN_ABOUT_RETURN_TYPE = YES_ERROR;
				GCC_WARN_UNDECLARED_SELECTOR = YES;
				GCC_WARN_UNINITIALIZED_AUTOS = YES_AGGRESSIVE;
				GCC_WARN_UNUSED_FUNCTION = YES;
				GCC_WARN_UNUSED_VARIABLE = YES;
				IPHONEOS_DEPLOYMENT_TARGET = 11.4;
				MTL_ENABLE_DEBUG_INFO = NO;
				SDKROOT = iphoneos;
				SWIFT_COMPILATION_MODE = wholemodule;
				SWIFT_OPTIMIZATION_LEVEL = "-O";
				VALIDATE_PRODUCT = YES;
			};
			name = Release;
		};
		79FD200021A8578E00728586 /* Debug */ = {
			isa = XCBuildConfiguration;
			buildSettings = {
				ASSETCATALOG_COMPILER_APPICON_NAME = AppIcon;
				CODE_SIGN_STYLE = Automatic;
				INFOPLIST_FILE = MemoOrganizer/Info.plist;
				LD_RUNPATH_SEARCH_PATHS = (
					"$(inherited)",
					"@executable_path/Frameworks",
				);
				PRODUCT_BUNDLE_IDENTIFIER = MarBaka.MemoOrganizer;
				PRODUCT_NAME = "$(TARGET_NAME)";
				SWIFT_VERSION = 4.0;
				TARGETED_DEVICE_FAMILY = "1,2";
			};
			name = Debug;
		};
		79FD200121A8578E00728586 /* Release */ = {
			isa = XCBuildConfiguration;
			buildSettings = {
				ASSETCATALOG_COMPILER_APPICON_NAME = AppIcon;
				CODE_SIGN_STYLE = Automatic;
				INFOPLIST_FILE = MemoOrganizer/Info.plist;
				LD_RUNPATH_SEARCH_PATHS = (
					"$(inherited)",
					"@executable_path/Frameworks",
				);
				PRODUCT_BUNDLE_IDENTIFIER = MarBaka.MemoOrganizer;
				PRODUCT_NAME = "$(TARGET_NAME)";
				SWIFT_VERSION = 4.0;
				TARGETED_DEVICE_FAMILY = "1,2";
			};
			name = Release;
		};
/* End XCBuildConfiguration section */

/* Begin XCConfigurationList section */
		79FD1FE821A8578D00728586 /* Build configuration list for PBXProject "MemoOrganizer" */ = {
			isa = XCConfigurationList;
			buildConfigurations = (
				79FD1FFD21A8578E00728586 /* Debug */,
				79FD1FFE21A8578E00728586 /* Release */,
			);
			defaultConfigurationIsVisible = 0;
			defaultConfigurationName = Release;
		};
		79FD1FFF21A8578E00728586 /* Build configuration list for PBXNativeTarget "MemoOrganizer" */ = {
			isa = XCConfigurationList;
			buildConfigurations = (
				79FD200021A8578E00728586 /* Debug */,
				79FD200121A8578E00728586 /* Release */,
			);
			defaultConfigurationIsVisible = 0;
			defaultConfigurationName = Release;
		};
/* End XCConfigurationList section */
	};
	rootObject = 79FD1FE521A8578D00728586 /* Project object */;
}
